
Microsoft Visual Studio Solution File, Format Version 12.00
# Visual Studio 2013
VisualStudioVersion = 12.0.30501.0
MinimumVisualStudioVersion = 10.0.40219.1
Project("{7CF6DF6D-3B04-46F8-A40B-537D21BCA0B4}") = "Alchemy4Tridion.Documentation", "Alchemy4Tridion.Documentation.shfbproj", "{FAB0E323-2231-4BBA-B86F-B3434D344F37}"
EndProject
Project("{E24C65DC-7377-472B-9ABA-BC803B73C61A}") = "Help", "http://localhost:64607", "{BF8E5CD6-D84B-4B78-A93B-6E872D0B07B5}"
	ProjectSection(WebsiteProperties) = preProject
		UseIISExpress = "true"
		TargetFrameworkMoniker = ".NETFramework,Version%3Dv3.5"
		Debug.AspNetCompiler.VirtualPath = "/localhost_64607"
		Debug.AspNetCompiler.PhysicalPath = "Help\"
		Debug.AspNetCompiler.TargetPath = "PrecompiledWeb\localhost_64607\"
		Debug.AspNetCompiler.Updateable = "true"
		Debug.AspNetCompiler.ForceOverwrite = "true"
		Debug.AspNetCompiler.FixedNames = "false"
		Debug.AspNetCompiler.Debug = "True"
		Release.AspNetCompiler.VirtualPath = "/localhost_64607"
		Release.AspNetCompiler.PhysicalPath = "Help\"
		Release.AspNetCompiler.TargetPath = "PrecompiledWeb\localhost_64607\"
		Release.AspNetCompiler.Updateable = "true"
		Release.AspNetCompiler.ForceOverwrite = "true"
		Release.AspNetCompiler.FixedNames = "false"
		Release.AspNetCompiler.Debug = "False"
		SlnRelativePath = "Help\"
	EndProjectSection
EndProject
Global
	GlobalSection(SolutionConfigurationPlatforms) = preSolution
		Debug|Any CPU = Debug|Any CPU
		Release|Any CPU = Release|Any CPU
	EndGlobalSection
	GlobalSection(ProjectConfigurationPlatforms) = postSolution
		{FAB0E323-2231-4BBA-B86F-B3434D344F37}.Debug|Any CPU.ActiveCfg = Debug|Any CPU
		{FAB0E323-2231-4BBA-B86F-B3434D344F37}.Debug|Any CPU.Build.0 = Debug|Any CPU
		{FAB0E323-2231-4BBA-B86F-B3434D344F37}.Release|Any CPU.ActiveCfg = Release|Any CPU
		{FAB0E323-2231-4BBA-B86F-B3434D344F37}.Release|Any CPU.Build.0 = Release|Any CPU
		{BF8E5CD6-D84B-4B78-A93B-6E872D0B07B5}.Debug|Any CPU.ActiveCfg = Debug|Any CPU
		{BF8E5CD6-D84B-4B78-A93B-6E872D0B07B5}.Debug|Any CPU.Build.0 = Debug|Any CPU
		{BF8E5CD6-D84B-4B78-A93B-6E872D0B07B5}.Release|Any CPU.ActiveCfg = Debug|Any CPU
		{BF8E5CD6-D84B-4B78-A93B-6E872D0B07B5}.Release|Any CPU.Build.0 = Debug|Any CPU
	EndGlobalSection
	GlobalSection(SolutionProperties) = preSolution
		HideSolutionNode = FALSE
	EndGlobalSection
EndGlobal
